// !$*UTF8*$!
{
	archiveVersion = 1;
	classes = {
	};
	objectVersion = 77;
	objects = {

/* Begin PBXBuildFile section */
		714483542CFDF83200D12014 /* TitleTableViewCell.swift in Sources */ = {isa = PBXBuildFile; fileRef = 714483532CFDF83200D12014 /* TitleTableViewCell.swift */; };
		714483562CFDFC3800D12014 /* TitleViewModel.swift in Sources */ = {isa = PBXBuildFile; fileRef = 714483552CFDFC3400D12014 /* TitleViewModel.swift */; };
		714483582CFE0A3A00D12014 /* SearchResultsViewController.swift in Sources */ = {isa = PBXBuildFile; fileRef = 714483572CFE0A3A00D12014 /* SearchResultsViewController.swift */; };
		7144835C2CFE531600D12014 /* YoutubeSearchResponse.swift in Sources */ = {isa = PBXBuildFile; fileRef = 7144835B2CFE531100D12014 /* YoutubeSearchResponse.swift */; };
		7144835E2CFE56AF00D12014 /* TitlePreviewViewController.swift in Sources */ = {isa = PBXBuildFile; fileRef = 7144835D2CFE56AF00D12014 /* TitlePreviewViewController.swift */; };
		714483602CFE593500D12014 /* TitlePreviewViewModel.swift in Sources */ = {isa = PBXBuildFile; fileRef = 7144835F2CFE592900D12014 /* TitlePreviewViewModel.swift */; };
		71EA6EC02CFBCEAF00371A58 /* AppDelegate.swift in Sources */ = {isa = PBXBuildFile; fileRef = 71EA6EB62CFBCEAF00371A58 /* AppDelegate.swift */; };
		71EA6EC12CFBCEAF00371A58 /* SceneDelegate.swift in Sources */ = {isa = PBXBuildFile; fileRef = 71EA6EBD2CFBCEAF00371A58 /* SceneDelegate.swift */; };
		71EA6EC22CFBCEAF00371A58 /* MainTabBarViewController.swift in Sources */ = {isa = PBXBuildFile; fileRef = 71EA6EBE2CFBCEAF00371A58 /* MainTabBarViewController.swift */; };
		71EA6EC32CFBCEAF00371A58 /* Assets.xcassets in Resources */ = {isa = PBXBuildFile; fileRef = 71EA6EB72CFBCEAF00371A58 /* Assets.xcassets */; };
		71EA6EC52CFBCEAF00371A58 /* LaunchScreen.storyboard in Resources */ = {isa = PBXBuildFile; fileRef = 71EA6EBA2CFBCEAF00371A58 /* LaunchScreen.storyboard */; };
		71EA6EC92CFBD01400371A58 /* HomeViewController.swift in Sources */ = {isa = PBXBuildFile; fileRef = 71EA6EC82CFBD01400371A58 /* HomeViewController.swift */; };
		71EA6ECB2CFBD02D00371A58 /* UpcomingViewController.swift in Sources */ = {isa = PBXBuildFile; fileRef = 71EA6ECA2CFBD02D00371A58 /* UpcomingViewController.swift */; };
		71EA6ECD2CFBD04C00371A58 /* SearchViewController.swift in Sources */ = {isa = PBXBuildFile; fileRef = 71EA6ECC2CFBD04C00371A58 /* SearchViewController.swift */; };
		71EA6ED02CFBD07300371A58 /* DownloadViewController.swift in Sources */ = {isa = PBXBuildFile; fileRef = 71EA6ECF2CFBD07300371A58 /* DownloadViewController.swift */; };
		71EA6ED72CFBD5C700371A58 /* CollectionViewTableViewCell.swift in Sources */ = {isa = PBXBuildFile; fileRef = 71EA6ED62CFBD5C700371A58 /* CollectionViewTableViewCell.swift */; };
		71EA6ED92CFBD94A00371A58 /* HeroHeaderUIView.swift in Sources */ = {isa = PBXBuildFile; fileRef = 71EA6ED82CFBD94A00371A58 /* HeroHeaderUIView.swift */; };
		71EA6EDB2CFC826000371A58 /* APICaller.swift in Sources */ = {isa = PBXBuildFile; fileRef = 71EA6EDA2CFC825D00371A58 /* APICaller.swift */; };
		71EA6EDD2CFC828300371A58 /* Constants.swift in Sources */ = {isa = PBXBuildFile; fileRef = 71EA6EDC2CFC828100371A58 /* Constants.swift */; };
		71EA6EDF2CFC868700371A58 /* Title.swift in Sources */ = {isa = PBXBuildFile; fileRef = 71EA6EDE2CFC867F00371A58 /* Title.swift */; };
		71EA6EE12CFC885F00371A58 /* Extensions.swift in Sources */ = {isa = PBXBuildFile; fileRef = 71EA6EE02CFC885B00371A58 /* Extensions.swift */; };
		71EA6EE52CFC933200371A58 /* TitleCollectionViewCell.swift in Sources */ = {isa = PBXBuildFile; fileRef = 71EA6EE42CFC933200371A58 /* TitleCollectionViewCell.swift */; };
		71EA6EE82CFC945A00371A58 /* SDWebImage in Frameworks */ = {isa = PBXBuildFile; productRef = 71EA6EE72CFC945A00371A58 /* SDWebImage */; };
		71EA6EEA2CFC945A00371A58 /* SDWebImageMapKit in Frameworks */ = {isa = PBXBuildFile; productRef = 71EA6EE92CFC945A00371A58 /* SDWebImageMapKit */; };
/* End PBXBuildFile section */

/* Begin PBXFileReference section */
		714483532CFDF83200D12014 /* TitleTableViewCell.swift */ = {isa = PBXFileReference; lastKnownFileType = sourcecode.swift; path = TitleTableViewCell.swift; sourceTree = "<group>"; };
		714483552CFDFC3400D12014 /* TitleViewModel.swift */ = {isa = PBXFileReference; lastKnownFileType = sourcecode.swift; path = TitleViewModel.swift; sourceTree = "<group>"; };
		714483572CFE0A3A00D12014 /* SearchResultsViewController.swift */ = {isa = PBXFileReference; lastKnownFileType = sourcecode.swift; path = SearchResultsViewController.swift; sourceTree = "<group>"; };
		7144835B2CFE531100D12014 /* YoutubeSearchResponse.swift */ = {isa = PBXFileReference; lastKnownFileType = sourcecode.swift; path = YoutubeSearchResponse.swift; sourceTree = "<group>"; };
		7144835D2CFE56AF00D12014 /* TitlePreviewViewController.swift */ = {isa = PBXFileReference; lastKnownFileType = sourcecode.swift; path = TitlePreviewViewController.swift; sourceTree = "<group>"; };
		7144835F2CFE592900D12014 /* TitlePreviewViewModel.swift */ = {isa = PBXFileReference; lastKnownFileType = sourcecode.swift; path = TitlePreviewViewModel.swift; sourceTree = "<group>"; };
		71EA6E9E2CFBCE9500371A58 /* NetflixClone.app */ = {isa = PBXFileReference; explicitFileType = wrapper.application; includeInIndex = 0; path = NetflixClone.app; sourceTree = BUILT_PRODUCTS_DIR; };
		71EA6EB62CFBCEAF00371A58 /* AppDelegate.swift */ = {isa = PBXFileReference; lastKnownFileType = sourcecode.swift; path = AppDelegate.swift; sourceTree = "<group>"; };
		71EA6EB72CFBCEAF00371A58 /* Assets.xcassets */ = {isa = PBXFileReference; lastKnownFileType = folder.assetcatalog; path = Assets.xcassets; sourceTree = "<group>"; };
		71EA6EB82CFBCEAF00371A58 /* Info.plist */ = {isa = PBXFileReference; lastKnownFileType = text.plist.xml; path = Info.plist; sourceTree = "<group>"; };
		71EA6EB92CFBCEAF00371A58 /* Base */ = {isa = PBXFileReference; lastKnownFileType = file.storyboard; name = Base; path = Base.lproj/LaunchScreen.storyboard; sourceTree = "<group>"; };
		71EA6EBD2CFBCEAF00371A58 /* SceneDelegate.swift */ = {isa = PBXFileReference; lastKnownFileType = sourcecode.swift; path = SceneDelegate.swift; sourceTree = "<group>"; };
		71EA6EBE2CFBCEAF00371A58 /* MainTabBarViewController.swift */ = {isa = PBXFileReference; lastKnownFileType = sourcecode.swift; path = MainTabBarViewController.swift; sourceTree = "<group>"; };
		71EA6EC82CFBD01400371A58 /* HomeViewController.swift */ = {isa = PBXFileReference; lastKnownFileType = sourcecode.swift; path = HomeViewController.swift; sourceTree = "<group>"; };
		71EA6ECA2CFBD02D00371A58 /* UpcomingViewController.swift */ = {isa = PBXFileReference; lastKnownFileType = sourcecode.swift; path = UpcomingViewController.swift; sourceTree = "<group>"; };
		71EA6ECC2CFBD04C00371A58 /* SearchViewController.swift */ = {isa = PBXFileReference; lastKnownFileType = sourcecode.swift; path = SearchViewController.swift; sourceTree = "<group>"; };
		71EA6ECF2CFBD07300371A58 /* DownloadViewController.swift */ = {isa = PBXFileReference; lastKnownFileType = sourcecode.swift; path = DownloadViewController.swift; sourceTree = "<group>"; };
		71EA6ED62CFBD5C700371A58 /* CollectionViewTableViewCell.swift */ = {isa = PBXFileReference; lastKnownFileType = sourcecode.swift; path = CollectionViewTableViewCell.swift; sourceTree = "<group>"; };
		71EA6ED82CFBD94A00371A58 /* HeroHeaderUIView.swift */ = {isa = PBXFileReference; lastKnownFileType = sourcecode.swift; path = HeroHeaderUIView.swift; sourceTree = "<group>"; };
		71EA6EDA2CFC825D00371A58 /* APICaller.swift */ = {isa = PBXFileReference; lastKnownFileType = sourcecode.swift; path = APICaller.swift; sourceTree = "<group>"; };
		71EA6EDC2CFC828100371A58 /* Constants.swift */ = {isa = PBXFileReference; lastKnownFileType = sourcecode.swift; path = Constants.swift; sourceTree = "<group>"; };
		71EA6EDE2CFC867F00371A58 /* Title.swift */ = {isa = PBXFileReference; lastKnownFileType = sourcecode.swift; path = Title.swift; sourceTree = "<group>"; };
		71EA6EE02CFC885B00371A58 /* Extensions.swift */ = {isa = PBXFileReference; lastKnownFileType = sourcecode.swift; path = Extensions.swift; sourceTree = "<group>"; };
		71EA6EE42CFC933200371A58 /* TitleCollectionViewCell.swift */ = {isa = PBXFileReference; lastKnownFileType = sourcecode.swift; path = TitleCollectionViewCell.swift; sourceTree = "<group>"; };
/* End PBXFileReference section */

/* Begin PBXFrameworksBuildPhase section */
		71EA6E9B2CFBCE9500371A58 /* Frameworks */ = {
			isa = PBXFrameworksBuildPhase;
			buildActionMask = 2147483647;
			files = (
				71EA6EEA2CFC945A00371A58 /* SDWebImageMapKit in Frameworks */,
				71EA6EE82CFC945A00371A58 /* SDWebImage in Frameworks */,
			);
			runOnlyForDeploymentPostprocessing = 0;
		};
/* End PBXFrameworksBuildPhase section */

/* Begin PBXGroup section */
		714483592CFE0A5300D12014 /* Core */ = {
			isa = PBXGroup;
			children = (
				71EA6EBE2CFBCEAF00371A58 /* MainTabBarViewController.swift */,
				71EA6EC82CFBD01400371A58 /* HomeViewController.swift */,
				71EA6ECA2CFBD02D00371A58 /* UpcomingViewController.swift */,
				71EA6ECC2CFBD04C00371A58 /* SearchViewController.swift */,
				71EA6ECF2CFBD07300371A58 /* DownloadViewController.swift */,
			);
			path = Core;
			sourceTree = "<group>";
		};
		7144835A2CFE0A8500D12014 /* Other */ = {
			isa = PBXGroup;
			children = (
				714483572CFE0A3A00D12014 /* SearchResultsViewController.swift */,
				7144835D2CFE56AF00D12014 /* TitlePreviewViewController.swift */,
			);
			path = Other;
			sourceTree = "<group>";
		};
		71EA6E952CFBCE9500371A58 = {
			isa = PBXGroup;
			children = (
				71EA6EBF2CFBCEAF00371A58 /* NetflixClone */,
				71EA6E9F2CFBCE9500371A58 /* Products */,
			);
			sourceTree = "<group>";
		};
		71EA6E9F2CFBCE9500371A58 /* Products */ = {
			isa = PBXGroup;
			children = (
				71EA6E9E2CFBCE9500371A58 /* NetflixClone.app */,
			);
			name = Products;
			sourceTree = "<group>";
		};
		71EA6EBF2CFBCEAF00371A58 /* NetflixClone */ = {
			isa = PBXGroup;
			children = (
				71EA6ED52CFBD5A100371A58 /* Managers */,
				71EA6ED42CFBD59600371A58 /* Resources */,
				71EA6ED32CFBD56F00371A58 /* Models */,
				71EA6ED12CFBD50100371A58 /* Views */,
				71EA6ED22CFBD50C00371A58 /* ViewModels */,
				71EA6EC72CFBCFF300371A58 /* Controllers */,
				71EA6EB62CFBCEAF00371A58 /* AppDelegate.swift */,
				71EA6EBD2CFBCEAF00371A58 /* SceneDelegate.swift */,
				71EA6EB72CFBCEAF00371A58 /* Assets.xcassets */,
				71EA6EB82CFBCEAF00371A58 /* Info.plist */,
				71EA6EBA2CFBCEAF00371A58 /* LaunchScreen.storyboard */,
			);
			path = NetflixClone;
			sourceTree = "<group>";
		};
		71EA6EC72CFBCFF300371A58 /* Controllers */ = {
			isa = PBXGroup;
			children = (
				714483592CFE0A5300D12014 /* Core */,
				7144835A2CFE0A8500D12014 /* Other */,
			);
			path = Controllers;
			sourceTree = "<group>";
		};
		71EA6ED12CFBD50100371A58 /* Views */ = {
			isa = PBXGroup;
			children = (
				71EA6ED62CFBD5C700371A58 /* CollectionViewTableViewCell.swift */,
				71EA6ED82CFBD94A00371A58 /* HeroHeaderUIView.swift */,
				71EA6EE42CFC933200371A58 /* TitleCollectionViewCell.swift */,
				714483532CFDF83200D12014 /* TitleTableViewCell.swift */,
			);
			path = Views;
			sourceTree = "<group>";
		};
		71EA6ED22CFBD50C00371A58 /* ViewModels */ = {
			isa = PBXGroup;
			children = (
				7144835F2CFE592900D12014 /* TitlePreviewViewModel.swift */,
				714483552CFDFC3400D12014 /* TitleViewModel.swift */,
			);
			path = ViewModels;
			sourceTree = "<group>";
		};
		71EA6ED32CFBD56F00371A58 /* Models */ = {
			isa = PBXGroup;
			children = (
				7144835B2CFE531100D12014 /* YoutubeSearchResponse.swift */,
				71EA6EDE2CFC867F00371A58 /* Title.swift */,
			);
			path = Models;
			sourceTree = "<group>";
		};
		71EA6ED42CFBD59600371A58 /* Resources */ = {
			isa = PBXGroup;
			children = (
				71EA6EE02CFC885B00371A58 /* Extensions.swift */,
				71EA6EDC2CFC828100371A58 /* Constants.swift */,
			);
			path = Resources;
			sourceTree = "<group>";
		};
		71EA6ED52CFBD5A100371A58 /* Managers */ = {
			isa = PBXGroup;
			children = (
				71EA6EDA2CFC825D00371A58 /* APICaller.swift */,
			);
			path = Managers;
			sourceTree = "<group>";
		};
/* End PBXGroup section */

/* Begin PBXNativeTarget section */
		71EA6E9D2CFBCE9500371A58 /* NetflixClone */ = {
			isa = PBXNativeTarget;
			buildConfigurationList = 71EA6EB12CFBCE9600371A58 /* Build configuration list for PBXNativeTarget "NetflixClone" */;
			buildPhases = (
				71EA6E9A2CFBCE9500371A58 /* Sources */,
				71EA6E9B2CFBCE9500371A58 /* Frameworks */,
				71EA6E9C2CFBCE9500371A58 /* Resources */,
			);
			buildRules = (
			);
			dependencies = (
			);
			name = NetflixClone;
			packageProductDependencies = (
				71EA6EE72CFC945A00371A58 /* SDWebImage */,
				71EA6EE92CFC945A00371A58 /* SDWebImageMapKit */,
			);
			productName = NetflixClone;
			productReference = 71EA6E9E2CFBCE9500371A58 /* NetflixClone.app */;
			productType = "com.apple.product-type.application";
		};
/* End PBXNativeTarget section */

/* Begin PBXProject section */
		71EA6E962CFBCE9500371A58 /* Project object */ = {
			isa = PBXProject;
			attributes = {
				BuildIndependentTargetsInParallel = 1;
				LastSwiftUpdateCheck = 1610;
				LastUpgradeCheck = 1610;
				TargetAttributes = {
					71EA6E9D2CFBCE9500371A58 = {
						CreatedOnToolsVersion = 16.1;
					};
				};
			};
			buildConfigurationList = 71EA6E992CFBCE9500371A58 /* Build configuration list for PBXProject "NetflixClone" */;
			developmentRegion = en;
			hasScannedForEncodings = 0;
			knownRegions = (
				en,
				Base,
			);
			mainGroup = 71EA6E952CFBCE9500371A58;
			minimizedProjectReferenceProxies = 1;
			packageReferences = (
				71EA6EE62CFC945A00371A58 /* XCRemoteSwiftPackageReference "SDWebImage" */,
			);
			preferredProjectObjectVersion = 77;
			productRefGroup = 71EA6E9F2CFBCE9500371A58 /* Products */;
			projectDirPath = "";
			projectRoot = "";
			targets = (
				71EA6E9D2CFBCE9500371A58 /* NetflixClone */,
			);
		};
/* End PBXProject section */

/* Begin PBXResourcesBuildPhase section */
		71EA6E9C2CFBCE9500371A58 /* Resources */ = {
			isa = PBXResourcesBuildPhase;
			buildActionMask = 2147483647;
			files = (
				71EA6EC32CFBCEAF00371A58 /* Assets.xcassets in Resources */,
				71EA6EC52CFBCEAF00371A58 /* LaunchScreen.storyboard in Resources */,
			);
			runOnlyForDeploymentPostprocessing = 0;
		};
/* End PBXResourcesBuildPhase section */

/* Begin PBXSourcesBuildPhase section */
		71EA6E9A2CFBCE9500371A58 /* Sources */ = {
			isa = PBXSourcesBuildPhase;
			buildActionMask = 2147483647;
			files = (
				71EA6ECD2CFBD04C00371A58 /* SearchViewController.swift in Sources */,
				714483582CFE0A3A00D12014 /* SearchResultsViewController.swift in Sources */,
				71EA6EDD2CFC828300371A58 /* Constants.swift in Sources */,
				71EA6EDF2CFC868700371A58 /* Title.swift in Sources */,
				71EA6EC02CFBCEAF00371A58 /* AppDelegate.swift in Sources */,
				71EA6ED72CFBD5C700371A58 /* CollectionViewTableViewCell.swift in Sources */,
				71EA6EDB2CFC826000371A58 /* APICaller.swift in Sources */,
				71EA6ED92CFBD94A00371A58 /* HeroHeaderUIView.swift in Sources */,
				71EA6EE52CFC933200371A58 /* TitleCollectionViewCell.swift in Sources */,
				7144835E2CFE56AF00D12014 /* TitlePreviewViewController.swift in Sources */,
				71EA6EC12CFBCEAF00371A58 /* SceneDelegate.swift in Sources */,
				71EA6EE12CFC885F00371A58 /* Extensions.swift in Sources */,
				714483542CFDF83200D12014 /* TitleTableViewCell.swift in Sources */,
				7144835C2CFE531600D12014 /* YoutubeSearchResponse.swift in Sources */,
				71EA6ED02CFBD07300371A58 /* DownloadViewController.swift in Sources */,
				71EA6EC22CFBCEAF00371A58 /* MainTabBarViewController.swift in Sources */,
				714483562CFDFC3800D12014 /* TitleViewModel.swift in Sources */,
				71EA6ECB2CFBD02D00371A58 /* UpcomingViewController.swift in Sources */,
				714483602CFE593500D12014 /* TitlePreviewViewModel.swift in Sources */,
				71EA6EC92CFBD01400371A58 /* HomeViewController.swift in Sources */,
			);
			runOnlyForDeploymentPostprocessing = 0;
		};
/* End PBXSourcesBuildPhase section */

/* Begin PBXVariantGroup section */
		71EA6EBA2CFBCEAF00371A58 /* LaunchScreen.storyboard */ = {
			isa = PBXVariantGroup;
			children = (
				71EA6EB92CFBCEAF00371A58 /* Base */,
			);
			name = LaunchScreen.storyboard;
			sourceTree = "<group>";
		};
/* End PBXVariantGroup section */

/* Begin XCBuildConfiguration section */
		71EA6EB22CFBCE9600371A58 /* Debug */ = {
			isa = XCBuildConfiguration;
			buildSettings = {
				ASSETCATALOG_COMPILER_APPICON_NAME = AppIcon;
				ASSETCATALOG_COMPILER_GLOBAL_ACCENT_COLOR_NAME = AccentColor;
				CODE_SIGN_STYLE = Automatic;
				CURRENT_PROJECT_VERSION = 1;
				GENERATE_INFOPLIST_FILE = YES;
				INFOPLIST_FILE = NetflixClone/Info.plist;
				INFOPLIST_KEY_UIApplicationSupportsIndirectInputEvents = YES;
				INFOPLIST_KEY_UILaunchStoryboardName = LaunchScreen;
				INFOPLIST_KEY_UISupportedInterfaceOrientations_iPad = "UIInterfaceOrientationPortrait UIInterfaceOrientationPortraitUpsideDown UIInterfaceOrientationLandscapeLeft UIInterfaceOrientationLandscapeRight";
				INFOPLIST_KEY_UISupportedInterfaceOrientations_iPhone = "UIInterfaceOrientationPortrait UIInterfaceOrientationLandscapeLeft UIInterfaceOrientationLandscapeRight";
				LD_RUNPATH_SEARCH_PATHS = (
					"$(inherited)",
					"@executable_path/Frameworks",
				);
				MARKETING_VERSION = 1.0;
				PRODUCT_BUNDLE_IDENTIFIER = com.archonie.NetflixClone;
				PRODUCT_NAME = "$(TARGET_NAME)";
				SWIFT_EMIT_LOC_STRINGS = YES;
				SWIFT_VERSION = 5.0;
				TARGETED_DEVICE_FAMILY = "1,2";
			};
			name = Debug;
		};
		71EA6EB32CFBCE9600371A58 /* Release */ = {
			isa = XCBuildConfiguration;
			buildSettings = {
				ASSETCATALOG_COMPILER_APPICON_NAME = AppIcon;
				ASSETCATALOG_COMPILER_GLOBAL_ACCENT_COLOR_NAME = AccentColor;
				CODE_SIGN_STYLE = Automatic;
				CURRENT_PROJECT_VERSION = 1;
				GENERATE_INFOPLIST_FILE = YES;
				INFOPLIST_FILE = NetflixClone/Info.plist;
				INFOPLIST_KEY_UIApplicationSupportsIndirectInputEvents = YES;
				INFOPLIST_KEY_UILaunchStoryboardName = LaunchScreen;
				INFOPLIST_KEY_UISupportedInterfaceOrientations_iPad = "UIInterfaceOrientationPortrait UIInterfaceOrientationPortraitUpsideDown UIInterfaceOrientationLandscapeLeft UIInterfaceOrientationLandscapeRight";
				INFOPLIST_KEY_UISupportedInterfaceOrientations_iPhone = "UIInterfaceOrientationPortrait UIInterfaceOrientationLandscapeLeft UIInterfaceOrientationLandscapeRight";
				LD_RUNPATH_SEARCH_PATHS = (
					"$(inherited)",
					"@executable_path/Frameworks",
				);
				MARKETING_VERSION = 1.0;
				PRODUCT_BUNDLE_IDENTIFIER = com.archonie.NetflixClone;
				PRODUCT_NAME = "$(TARGET_NAME)";
				SWIFT_EMIT_LOC_STRINGS = YES;
				SWIFT_VERSION = 5.0;
				TARGETED_DEVICE_FAMILY = "1,2";
			};
			name = Release;
		};
		71EA6EB42CFBCE9600371A58 /* Debug */ = {
			isa = XCBuildConfiguration;
			buildSettings = {
				ALWAYS_SEARCH_USER_PATHS = NO;
				ASSETCATALOG_COMPILER_GENERATE_SWIFT_ASSET_SYMBOL_EXTENSIONS = YES;
				CLANG_ANALYZER_NONNULL = YES;
				CLANG_ANALYZER_NUMBER_OBJECT_CONVERSION = YES_AGGRESSIVE;
				CLANG_CXX_LANGUAGE_STANDARD = "gnu++20";
				CLANG_ENABLE_MODULES = YES;
				CLANG_ENABLE_OBJC_ARC = YES;
				CLANG_ENABLE_OBJC_WEAK = YES;
				CLANG_WARN_BLOCK_CAPTURE_AUTORELEASING = YES;
				CLANG_WARN_BOOL_CONVERSION = YES;
				CLANG_WARN_COMMA = YES;
				CLANG_WARN_CONSTANT_CONVERSION = YES;
				CLANG_WARN_DEPRECATED_OBJC_IMPLEMENTATIONS = YES;
				CLANG_WARN_DIRECT_OBJC_ISA_USAGE = YES_ERROR;
				CLANG_WARN_DOCUMENTATION_COMMENTS = YES;
				CLANG_WARN_EMPTY_BODY = YES;
				CLANG_WARN_ENUM_CONVERSION = YES;
				CLANG_WARN_INFINITE_RECURSION = YES;
				CLANG_WARN_INT_CONVERSION = YES;
				CLANG_WARN_NON_LITERAL_NULL_CONVERSION = YES;
				CLANG_WARN_OBJC_IMPLICIT_RETAIN_SELF = YES;
				CLANG_WARN_OBJC_LITERAL_CONVERSION = YES;
				CLANG_WARN_OBJC_ROOT_CLASS = YES_ERROR;
				CLANG_WARN_QUOTED_INCLUDE_IN_FRAMEWORK_HEADER = YES;
				CLANG_WARN_RANGE_LOOP_ANALYSIS = YES;
				CLANG_WARN_STRICT_PROTOTYPES = YES;
				CLANG_WARN_SUSPICIOUS_MOVE = YES;
				CLANG_WARN_UNGUARDED_AVAILABILITY = YES_AGGRESSIVE;
				CLANG_WARN_UNREACHABLE_CODE = YES;
				CLANG_WARN__DUPLICATE_METHOD_MATCH = YES;
				COPY_PHASE_STRIP = NO;
				DEBUG_INFORMATION_FORMAT = dwarf;
				ENABLE_STRICT_OBJC_MSGSEND = YES;
				ENABLE_TESTABILITY = YES;
				ENABLE_USER_SCRIPT_SANDBOXING = YES;
				GCC_C_LANGUAGE_STANDARD = gnu17;
				GCC_DYNAMIC_NO_PIC = NO;
				GCC_NO_COMMON_BLOCKS = YES;
				GCC_OPTIMIZATION_LEVEL = 0;
				GCC_PREPROCESSOR_DEFINITIONS = (
					"DEBUG=1",
					"$(inherited)",
				);
				GCC_WARN_64_TO_32_BIT_CONVERSION = YES;
				GCC_WARN_ABOUT_RETURN_TYPE = YES_ERROR;
				GCC_WARN_UNDECLARED_SELECTOR = YES;
				GCC_WARN_UNINITIALIZED_AUTOS = YES_AGGRESSIVE;
				GCC_WARN_UNUSED_FUNCTION = YES;
				GCC_WARN_UNUSED_VARIABLE = YES;
				IPHONEOS_DEPLOYMENT_TARGET = 18.1;
				LOCALIZATION_PREFERS_STRING_CATALOGS = YES;
				MTL_ENABLE_DEBUG_INFO = INCLUDE_SOURCE;
				MTL_FAST_MATH = YES;
				ONLY_ACTIVE_ARCH = YES;
				SDKROOT = iphoneos;
				SWIFT_ACTIVE_COMPILATION_CONDITIONS = "DEBUG $(inherited)";
				SWIFT_OPTIMIZATION_LEVEL = "-Onone";
			};
			name = Debug;
		};
		71EA6EB52CFBCE9600371A58 /* Release */ = {
			isa = XCBuildConfiguration;
			buildSettings = {
				ALWAYS_SEARCH_USER_PATHS = NO;
				ASSETCATALOG_COMPILER_GENERATE_SWIFT_ASSET_SYMBOL_EXTENSIONS = YES;
				CLANG_ANALYZER_NONNULL = YES;
				CLANG_ANALYZER_NUMBER_OBJECT_CONVERSION = YES_AGGRESSIVE;
				CLANG_CXX_LANGUAGE_STANDARD = "gnu++20";
				CLANG_ENABLE_MODULES = YES;
				CLANG_ENABLE_OBJC_ARC = YES;
				CLANG_ENABLE_OBJC_WEAK = YES;
				CLANG_WARN_BLOCK_CAPTURE_AUTORELEASING = YES;
				CLANG_WARN_BOOL_CONVERSION = YES;
				CLANG_WARN_COMMA = YES;
				CLANG_WARN_CONSTANT_CONVERSION = YES;
				CLANG_WARN_DEPRECATED_OBJC_IMPLEMENTATIONS = YES;
				CLANG_WARN_DIRECT_OBJC_ISA_USAGE = YES_ERROR;
				CLANG_WARN_DOCUMENTATION_COMMENTS = YES;
				CLANG_WARN_EMPTY_BODY = YES;
				CLANG_WARN_ENUM_CONVERSION = YES;
				CLANG_WARN_INFINITE_RECURSION = YES;
				CLANG_WARN_INT_CONVERSION = YES;
				CLANG_WARN_NON_LITERAL_NULL_CONVERSION = YES;
				CLANG_WARN_OBJC_IMPLICIT_RETAIN_SELF = YES;
				CLANG_WARN_OBJC_LITERAL_CONVERSION = YES;
				CLANG_WARN_OBJC_ROOT_CLASS = YES_ERROR;
				CLANG_WARN_QUOTED_INCLUDE_IN_FRAMEWORK_HEADER = YES;
				CLANG_WARN_RANGE_LOOP_ANALYSIS = YES;
				CLANG_WARN_STRICT_PROTOTYPES = YES;
				CLANG_WARN_SUSPICIOUS_MOVE = YES;
				CLANG_WARN_UNGUARDED_AVAILABILITY = YES_AGGRESSIVE;
				CLANG_WARN_UNREACHABLE_CODE = YES;
				CLANG_WARN__DUPLICATE_METHOD_MATCH = YES;
				COPY_PHASE_STRIP = NO;
				DEBUG_INFORMATION_FORMAT = "dwarf-with-dsym";
				ENABLE_NS_ASSERTIONS = NO;
				ENABLE_STRICT_OBJC_MSGSEND = YES;
				ENABLE_USER_SCRIPT_SANDBOXING = YES;
				GCC_C_LANGUAGE_STANDARD = gnu17;
				GCC_NO_COMMON_BLOCKS = YES;
				GCC_WARN_64_TO_32_BIT_CONVERSION = YES;
				GCC_WARN_ABOUT_RETURN_TYPE = YES_ERROR;
				GCC_WARN_UNDECLARED_SELECTOR = YES;
				GCC_WARN_UNINITIALIZED_AUTOS = YES_AGGRESSIVE;
				GCC_WARN_UNUSED_FUNCTION = YES;
				GCC_WARN_UNUSED_VARIABLE = YES;
				IPHONEOS_DEPLOYMENT_TARGET = 18.1;
				LOCALIZATION_PREFERS_STRING_CATALOGS = YES;
				MTL_ENABLE_DEBUG_INFO = NO;
				MTL_FAST_MATH = YES;
				SDKROOT = iphoneos;
				SWIFT_COMPILATION_MODE = wholemodule;
				VALIDATE_PRODUCT = YES;
			};
			name = Release;
		};
/* End XCBuildConfiguration section */

/* Begin XCConfigurationList section */
		71EA6E992CFBCE9500371A58 /* Build configuration list for PBXProject "NetflixClone" */ = {
			isa = XCConfigurationList;
			buildConfigurations = (
				71EA6EB42CFBCE9600371A58 /* Debug */,
				71EA6EB52CFBCE9600371A58 /* Release */,
			);
			defaultConfigurationIsVisible = 0;
			defaultConfigurationName = Release;
		};
		71EA6EB12CFBCE9600371A58 /* Build configuration list for PBXNativeTarget "NetflixClone" */ = {
			isa = XCConfigurationList;
			buildConfigurations = (
				71EA6EB22CFBCE9600371A58 /* Debug */,
				71EA6EB32CFBCE9600371A58 /* Release */,
			);
			defaultConfigurationIsVisible = 0;
			defaultConfigurationName = Release;
		};
/* End XCConfigurationList section */

/* Begin XCRemoteSwiftPackageReference section */
		71EA6EE62CFC945A00371A58 /* XCRemoteSwiftPackageReference "SDWebImage" */ = {
			isa = XCRemoteSwiftPackageReference;
			repositoryURL = "https://github.com/SDWebImage/SDWebImage.git";
			requirement = {
				kind = upToNextMajorVersion;
				minimumVersion = 5.20.0;
			};
		};
/* End XCRemoteSwiftPackageReference section */

/* Begin XCSwiftPackageProductDependency section */
		71EA6EE72CFC945A00371A58 /* SDWebImage */ = {
			isa = XCSwiftPackageProductDependency;
			package = 71EA6EE62CFC945A00371A58 /* XCRemoteSwiftPackageReference "SDWebImage" */;
			productName = SDWebImage;
		};
		71EA6EE92CFC945A00371A58 /* SDWebImageMapKit */ = {
			isa = XCSwiftPackageProductDependency;
			package = 71EA6EE62CFC945A00371A58 /* XCRemoteSwiftPackageReference "SDWebImage" */;
			productName = SDWebImageMapKit;
		};
/* End XCSwiftPackageProductDependency section */
	};
	rootObject = 71EA6E962CFBCE9500371A58 /* Project object */;
}
